
Microsoft Visual Studio Solution File, Format Version 12.00
# Visual Studio Version 16
VisualStudioVersion = 16.0.31019.35
MinimumVisualStudioVersion = 10.0.40219.1
Project("{9A19103F-16F7-4668-BE54-9A1E7A4F7556}") = "lab1_1", "lab1_1\lab1_1.csproj", "{8E678745-5057-4576-BB18-3C1A1336321D}"
EndProject
Project("{2150E333-8FDC-42A3-9474-1A3956D46DE8}") = "Tests", "Tests", "{0D65CA39-C105-4856-B45D-738659C21ED5}"
EndProject
Project("{FAE04EC0-301F-11D3-BF4B-00C04F79EFBC}") = "Lab1_Tests", "Lab1_Tests\Lab1_Tests.csproj", "{2EA7F74F-C3F2-4070-B64A-511D180D8978}"
EndProject
Global
	GlobalSection(SolutionConfigurationPlatforms) = preSolution
		Debug|Any CPU = Debug|Any CPU
		Release|Any CPU = Release|Any CPU
	EndGlobalSection
	GlobalSection(ProjectConfigurationPlatforms) = postSolution
		{8E678745-5057-4576-BB18-3C1A1336321D}.Debug|Any CPU.ActiveCfg = Debug|Any CPU
		{8E678745-5057-4576-BB18-3C1A1336321D}.Debug|Any CPU.Build.0 = Debug|Any CPU
		{8E678745-5057-4576-BB18-3C1A1336321D}.Release|Any CPU.ActiveCfg = Release|Any CPU
		{8E678745-5057-4576-BB18-3C1A1336321D}.Release|Any CPU.Build.0 = Release|Any CPU
		{2EA7F74F-C3F2-4070-B64A-511D180D8978}.Debug|Any CPU.ActiveCfg = Debug|Any CPU
		{2EA7F74F-C3F2-4070-B64A-511D180D8978}.Debug|Any CPU.Build.0 = Debug|Any CPU
		{2EA7F74F-C3F2-4070-B64A-511D180D8978}.Release|Any CPU.ActiveCfg = Release|Any CPU
		{2EA7F74F-C3F2-4070-B64A-511D180D8978}.Release|Any CPU.Build.0 = Release|Any CPU
	EndGlobalSection
	GlobalSection(SolutionProperties) = preSolution
		HideSolutionNode = FALSE
	EndGlobalSection
	GlobalSection(NestedProjects) = preSolution
		{2EA7F74F-C3F2-4070-B64A-511D180D8978} = {0D65CA39-C105-4856-B45D-738659C21ED5}
	EndGlobalSection
	GlobalSection(ExtensibilityGlobals) = postSolution
		SolutionGuid = {416EFB58-8A2E-4D62-A202-F796444E3FFB}
	EndGlobalSection
EndGlobal
